<?xml version="1.0" encoding="utf-8"?>
<Project ToolsVersion="4.0" xmlns="http://schemas.microsoft.com/developer/msbuild/2003">
  <ItemGroup>
    <ClCompile Include="main.cpp" />
    <ClCompile Include="papyrus\parser\ini\iniparser.cpp">
      <Filter>papyrus\parser\ini</Filter>
    </ClCompile>
    <ClCompile Include="papyrus\parser\json\jsonparser.cpp">
      <Filter>papyrus\parser\json</Filter>
    </ClCompile>
    <ClCompile Include="papyrus\parser\xml\xmlparser.cpp">
      <Filter>papyrus\parser\xml</Filter>
    </ClCompile>
    <ClCompile Include="papyrus\parser\parser.cpp">
      <Filter>papyrus\parser</Filter>
    </ClCompile>
    <ClCompile Include="papyrus\core\utility\timer.cpp">
      <Filter>papyrus\core\utility</Filter>
    </ClCompile>
    <ClCompile Include="game.cpp" />
    <ClCompile Include="papyrus\renderer\sdlrenderer.cpp">
      <Filter>papyrus\renderer</Filter>
    </ClCompile>
    <ClCompile Include="papyrus\renderer\renderer.cpp">
      <Filter>papyrus\renderer</Filter>
    </ClCompile>
    <ClCompile Include="papyrus\sprite\sprite.cpp">
      <Filter>papyrus\sprite</Filter>
    </ClCompile>
    <ClCompile Include="papyrus\sprite\staticsprite.cpp">
      <Filter>papyrus\sprite</Filter>
    </ClCompile>
    <ClCompile Include="papyrus\core\core.cpp">
      <Filter>papyrus\core</Filter>
    </ClCompile>
    <ClCompile Include="papyrus\logging\logger.cpp">
      <Filter>papyrus\logging</Filter>
    </ClCompile>
    <ClCompile Include="papyrus\logging\logtoscreen.cpp">
      <Filter>papyrus\logging</Filter>
    </ClCompile>
    <ClCompile Include="papyrus\logging\logtofile.cpp">
      <Filter>papyrus\logging</Filter>
    </ClCompile>
    <ClCompile Include="papyrus\logging\logconsole.cpp">
      <Filter>papyrus\logging</Filter>
    </ClCompile>
    <ClCompile Include="papyrus\sprite\animsprite.cpp">
      <Filter>papyrus\sprite</Filter>
    </ClCompile>
    <ClCompile Include="papyrus\input\manager.cpp">
      <Filter>papyrus\input</Filter>
    </ClCompile>
    <ClCompile Include="papyrus\input\input.cpp">
      <Filter>papyrus\input</Filter>
    </ClCompile>
    <ClCompile Include="character\playable.cpp">
      <Filter>character</Filter>
    </ClCompile>
    <ClCompile Include="papyrus\physics\physics.cpp">
      <Filter>papyrus\physics</Filter>
    </ClCompile>
    <ClCompile Include="papyrus\physics\controllable.cpp">
      <Filter>papyrus\physics</Filter>
    </ClCompile>
    <ClCompile Include="level\levelmanager.cpp">
      <Filter>level</Filter>
    </ClCompile>
    <ClCompile Include="level\level.cpp">
      <Filter>level</Filter>
    </ClCompile>
    <ClCompile Include="level\platform.cpp">
      <Filter>level</Filter>
    </ClCompile>
    <ClCompile Include="papyrus\physics\static.cpp">
      <Filter>papyrus\physics</Filter>
    </ClCompile>
    <ClCompile Include="papyrus\ui\ui.cpp">
      <Filter>papyrus\ui</Filter>
    </ClCompile>
    <ClCompile Include="papyrus\ui\interactive.cpp">
      <Filter>papyrus\ui</Filter>
    </ClCompile>
    <ClCompile Include="papyrus\ui\staticui.cpp">
      <Filter>papyrus\ui</Filter>
    </ClCompile>
    <ClCompile Include="papyrus\ui\objects\uibutton.cpp">
      <Filter>papyrus\ui\objects</Filter>
    </ClCompile>
    <ClCompile Include="level\tile.cpp">
      <Filter>level</Filter>
    </ClCompile>
  </ItemGroup>
  <ItemGroup>
    <Filter Include="papyrus">
      <UniqueIdentifier>{575306bc-0862-4b4c-8b28-06c0aed11984}</UniqueIdentifier>
    </Filter>
    <Filter Include="papyrus\core">
      <UniqueIdentifier>{97b58afc-d981-4a7e-a5f7-2af3a6416219}</UniqueIdentifier>
    </Filter>
    <Filter Include="papyrus\parser">
      <UniqueIdentifier>{877994ba-f866-4c9d-9a9d-9c586ee12d46}</UniqueIdentifier>
    </Filter>
    <Filter Include="papyrus\parser\ini">
      <UniqueIdentifier>{e576388c-9ebd-4271-929b-408897bc1f95}</UniqueIdentifier>
    </Filter>
    <Filter Include="papyrus\parser\xml">
      <UniqueIdentifier>{613a9099-02ec-482f-b36e-c464fe19bc09}</UniqueIdentifier>
    </Filter>
    <Filter Include="papyrus\parser\json">
      <UniqueIdentifier>{86f9853e-fdd2-4289-8c0d-d9f6deaee665}</UniqueIdentifier>
    </Filter>
    <Filter Include="papyrus\core\utility">
      <UniqueIdentifier>{7c1af2c8-ac3b-4f47-aca0-ec14369f1568}</UniqueIdentifier>
    </Filter>
    <Filter Include="papyrus\renderer">
      <UniqueIdentifier>{a1264092-f509-4f52-8881-a51b55836ef0}</UniqueIdentifier>
    </Filter>
    <Filter Include="papyrus\sprite">
      <UniqueIdentifier>{c8694433-5a15-4095-97c6-86bccc54658d}</UniqueIdentifier>
    </Filter>
    <Filter Include="papyrus\logging">
      <UniqueIdentifier>{c5b233ff-55af-46aa-9b98-985143a97139}</UniqueIdentifier>
    </Filter>
    <Filter Include="papyrus\input">
      <UniqueIdentifier>{f5ab5dcf-11f2-4e96-9374-4f9f24e6bfe9}</UniqueIdentifier>
    </Filter>
    <Filter Include="character">
      <UniqueIdentifier>{9e258c3a-22cc-41dd-a81e-5b2bb20eb930}</UniqueIdentifier>
    </Filter>
    <Filter Include="papyrus\physics">
      <UniqueIdentifier>{a760ff88-c731-4952-9f15-c98afdcf73b9}</UniqueIdentifier>
    </Filter>
    <Filter Include="papyrus\core\math">
      <UniqueIdentifier>{04eb4fc5-1166-444a-a20e-8f303213e58e}</UniqueIdentifier>
    </Filter>
    <Filter Include="level">
      <UniqueIdentifier>{609e6b2d-03dc-4226-9064-aef5e9426410}</UniqueIdentifier>
    </Filter>
    <Filter Include="papyrus\ui">
      <UniqueIdentifier>{42cd077c-2fb9-4f40-b705-b61f52159fef}</UniqueIdentifier>
    </Filter>
    <Filter Include="papyrus\ui\objects">
      <UniqueIdentifier>{1857e74f-d1ce-4573-be12-976e4e9dba12}</UniqueIdentifier>
    </Filter>
  </ItemGroup>
  <ItemGroup>
    <ClInclude Include="papyrus\parser\ini\iniparser.h">
      <Filter>papyrus\parser\ini</Filter>
    </ClInclude>
    <ClInclude Include="papyrus\parser\json\jsonparser.h">
      <Filter>papyrus\parser\json</Filter>
    </ClInclude>
    <ClInclude Include="papyrus\parser\xml\xmlparser.h">
      <Filter>papyrus\parser\xml</Filter>
    </ClInclude>
    <ClInclude Include="papyrus\parser\iparser.h">
      <Filter>papyrus\parser</Filter>
    </ClInclude>
    <ClInclude Include="papyrus\parser\parser.h">
      <Filter>papyrus\parser</Filter>
    </ClInclude>
    <ClInclude Include="papyrus\defines.h">
      <Filter>papyrus</Filter>
    </ClInclude>
    <ClInclude Include="papyrus\core\utility\timer.h">
      <Filter>papyrus\core\utility</Filter>
    </ClInclude>
    <ClInclude Include="game.h" />
    <ClInclude Include="papyrus\core\core.h">
      <Filter>papyrus\core</Filter>
    </ClInclude>
    <ClInclude Include="papyrus\core\utility\singleton.h">
      <Filter>papyrus\core\utility</Filter>
    </ClInclude>
    <ClInclude Include="papyrus\renderer\sdlrenderer.h">
      <Filter>papyrus\renderer</Filter>
    </ClInclude>
    <ClInclude Include="papyrus\renderer\renderer.h">
      <Filter>papyrus\renderer</Filter>
    </ClInclude>
    <ClInclude Include="papyrus\renderer\irenderer.h">
      <Filter>papyrus\renderer</Filter>
    </ClInclude>
    <ClInclude Include="papyrus\core\utility\refcount.h">
      <Filter>papyrus\core\utility</Filter>
    </ClInclude>
    <ClInclude Include="papyrus\sprite\sprite.h">
      <Filter>papyrus\sprite</Filter>
    </ClInclude>
    <ClInclude Include="papyrus\sprite\isprite.h">
      <Filter>papyrus\sprite</Filter>
    </ClInclude>
    <ClInclude Include="papyrus\sprite\staticsprite.h">
      <Filter>papyrus\sprite</Filter>
    </ClInclude>
    <ClInclude Include="papyrus\logging\logger.h">
      <Filter>papyrus\logging</Filter>
    </ClInclude>
    <ClInclude Include="papyrus\logging\ilogtype.h">
      <Filter>papyrus\logging</Filter>
    </ClInclude>
    <ClInclude Include="papyrus\logging\logtoscreen.h">
      <Filter>papyrus\logging</Filter>
    </ClInclude>
    <ClInclude Include="papyrus\logging\logtofile.h">
      <Filter>papyrus\logging</Filter>
    </ClInclude>
    <ClInclude Include="papyrus\logging\logconsole.h">
      <Filter>papyrus\logging</Filter>
    </ClInclude>
    <ClInclude Include="papyrus\sprite\animsprite.h">
      <Filter>papyrus\sprite</Filter>
    </ClInclude>
    <ClInclude Include="papyrus\input\manager.h">
      <Filter>papyrus\input</Filter>
    </ClInclude>
    <ClInclude Include="papyrus\input\observer.h">
      <Filter>papyrus\input</Filter>
    </ClInclude>
    <ClInclude Include="papyrus\input\input.h">
      <Filter>papyrus\input</Filter>
    </ClInclude>
    <ClInclude Include="character\character.h">
      <Filter>character</Filter>
    </ClInclude>
    <ClInclude Include="character\playable.h">
      <Filter>character</Filter>
    </ClInclude>
    <ClInclude Include="papyrus\physics\physics.h">
      <Filter>papyrus\physics</Filter>
    </ClInclude>
    <ClInclude Include="papyrus\physics\idynamicactor.h">
      <Filter>papyrus\physics</Filter>
    </ClInclude>
    <ClInclude Include="papyrus\physics\istaticactor.h">
      <Filter>papyrus\physics</Filter>
    </ClInclude>
    <ClInclude Include="papyrus\core\math\vector2.h">
      <Filter>papyrus\core\math</Filter>
    </ClInclude>
    <ClInclude Include="papyrus\core\math\vector3.h">
      <Filter>papyrus\core\math</Filter>
    </ClInclude>
    <ClInclude Include="papyrus\core\math\vector4.h">
      <Filter>papyrus\core\math</Filter>
    </ClInclude>
    <ClInclude Include="papyrus\core\math\vectormath.h">
      <Filter>papyrus\core\math</Filter>
    </ClInclude>
    <ClInclude Include="papyrus\physics\iactor.h">
      <Filter>papyrus\physics</Filter>
    </ClInclude>
    <ClInclude Include="papyrus\physics\controllable.h">
      <Filter>papyrus\physics</Filter>
    </ClInclude>
    <ClInclude Include="level\levelmanager.h">
      <Filter>level</Filter>
    </ClInclude>
    <ClInclude Include="level\level.h">
      <Filter>level</Filter>
    </ClInclude>
    <ClInclude Include="level\tile.h">
      <Filter>level</Filter>
    </ClInclude>
    <ClInclude Include="level\platform.h">
      <Filter>level</Filter>
    </ClInclude>
    <ClInclude Include="papyrus\physics\static.h">
      <Filter>papyrus\physics</Filter>
    </ClInclude>
    <ClInclude Include="papyrus\ui\ui.h">
      <Filter>papyrus\ui</Filter>
    </ClInclude>
    <ClInclude Include="papyrus\ui\interface.h">
      <Filter>papyrus\ui</Filter>
    </ClInclude>
    <ClInclude Include="papyrus\ui\interactive.h">
      <Filter>papyrus\ui</Filter>
    </ClInclude>
    <ClInclude Include="papyrus\ui\staticui.h">
      <Filter>papyrus\ui</Filter>
    </ClInclude>
    <ClInclude Include="papyrus\ui\uiobject.h">
      <Filter>papyrus\ui</Filter>
    </ClInclude>
    <ClInclude Include="papyrus\ui\objects\uibutton.h">
      <Filter>papyrus\ui\objects</Filter>
    </ClInclude>
  </ItemGroup>
</Project>